Microsoft Visual Studio Solution File, Format Version 12.00
# Visual Studio Version 17
VisualStudioVersion = 17.5.2.0
MinimumVisualStudioVersion = 10.0.40219.1
Project("{FAE04EC0-301F-11D3-BF4B-00C04F79EFBC}") = "ZombieSurvival", "ZombieSurvival.csproj", "{A2F8C8B9-6F6E-64A4-D930-FE70B8724361}"
EndProject
Global
	GlobalSection(SolutionConfigurationPlatforms) = preSolution
		Debug|Any CPU = Debug|Any CPU
		Release|Any CPU = Release|Any CPU
	EndGlobalSection
	GlobalSection(ProjectConfigurationPlatforms) = postSolution
		{A2F8C8B9-6F6E-64A4-D930-FE70B8724361}.Debug|Any CPU.ActiveCfg = Debug|Any CPU
		{A2F8C8B9-6F6E-64A4-D930-FE70B8724361}.Debug|Any CPU.Build.0 = Debug|Any CPU
		{A2F8C8B9-6F6E-64A4-D930-FE70B8724361}.Release|Any CPU.ActiveCfg = Release|Any CPU
		{A2F8C8B9-6F6E-64A4-D930-FE70B8724361}.Release|Any CPU.Build.0 = Release|Any CPU
	EndGlobalSection
	GlobalSection(SolutionProperties) = preSolution
		HideSolutionNode = FALSE
	EndGlobalSection
	GlobalSection(ExtensibilityGlobals) = postSolution
		SolutionGuid = {0D9058D9-01E0-452A-95CF-E2ED0A1EE958}
	EndGlobalSection
EndGlobal
